<?xml version="1.0" encoding="utf-8"?>
<Project ToolsVersion="4.0" xmlns="http://schemas.microsoft.com/developer/msbuild/2003">
  <ItemGroup>
    <Filter Include="Source Files">
      <UniqueIdentifier>{4FC737F1-C7A5-4376-A066-2A32D752A2FF}</UniqueIdentifier>
      <Extensions>cpp;c;cc;cxx;c++;cppm;ixx;def;odl;idl;hpj;bat;asm;asmx</Extensions>
    </Filter>
    <Filter Include="Header Files">
      <UniqueIdentifier>{93995380-89BD-4b04-88EB-625FBE52EBFB}</UniqueIdentifier>
      <Extensions>h;hh;hpp;hxx;h++;hm;inl;inc;ipp;xsd</Extensions>
    </Filter>
    <Filter Include="Resource Files">
      <UniqueIdentifier>{67DA6AB6-F800-4c08-8B7A-83BB121AAD01}</UniqueIdentifier>
      <Extensions>rc;ico;cur;bmp;dlg;rc2;rct;bin;rgs;gif;jpg;jpeg;jpe;resx;tiff;tif;png;wav;mfcribbon-ms</Extensions>
    </Filter>
    <Filter Include="Source Files\GameStates">
      <UniqueIdentifier>{991eb154-d8aa-42bb-8821-ef714bcb6038}</UniqueIdentifier>
    </Filter>
    <Filter Include="Source Files\GameObjects">
      <UniqueIdentifier>{0c5c5a32-9f61-46ba-a3a6-f44fe2e3e2b4}</UniqueIdentifier>
    </Filter>
    <Filter Include="Header Files\GameStates">
      <UniqueIdentifier>{0eae01b5-9076-43dc-8982-e12b82d7840a}</UniqueIdentifier>
    </Filter>
    <Filter Include="Header Files\GameObjects">
      <UniqueIdentifier>{35f95f2f-1e6c-4b40-bd8b-aa34d78562f3}</UniqueIdentifier>
    </Filter>
    <Filter Include="Header Files\Utility">
      <UniqueIdentifier>{5588f649-c763-448e-930d-fd8228a43d77}</UniqueIdentifier>
    </Filter>
    <Filter Include="Source Files\Utility">
      <UniqueIdentifier>{097e521f-1b0c-4664-851b-19ddba23775e}</UniqueIdentifier>
    </Filter>
    <Filter Include="Header Files\Utility\Dictionary">
      <UniqueIdentifier>{ab9c1c7a-92e7-43ae-9550-d03937bc1af1}</UniqueIdentifier>
    </Filter>
    <Filter Include="Source Files\Utility\Dictionary">
      <UniqueIdentifier>{f86c8eb2-d901-4000-8183-e1e8e8d32fa3}</UniqueIdentifier>
    </Filter>
    <Filter Include="Source Files\GameObjects\UI">
      <UniqueIdentifier>{30e8bc63-b54f-46ec-bf2a-eb58b984f429}</UniqueIdentifier>
    </Filter>
    <Filter Include="Header Files\GameObjects\UI">
      <UniqueIdentifier>{950bcde1-8e7b-4274-bda6-a03f6d92a2b3}</UniqueIdentifier>
    </Filter>
    <Filter Include="Header Files\GameObjects\Pickups">
      <UniqueIdentifier>{c6378813-fa9c-466a-90c6-dc5d6aabf317}</UniqueIdentifier>
    </Filter>
    <Filter Include="Source Files\GameObjects\Pickups">
      <UniqueIdentifier>{bf3e8d5e-f0af-4b8b-874c-bb6ce4d20155}</UniqueIdentifier>
    </Filter>
    <Filter Include="Source Files\GameStates\Fishing">
      <UniqueIdentifier>{dc94a818-4fd3-4f45-99f8-8f269dcaa32d}</UniqueIdentifier>
    </Filter>
    <Filter Include="Source Files\GameStates\MainMenu">
      <UniqueIdentifier>{feea9802-2007-4edb-b3cc-278a831f7aab}</UniqueIdentifier>
    </Filter>
    <Filter Include="Header Files\GameStates\Fishing">
      <UniqueIdentifier>{7458a7d5-a9dc-48bc-aa5b-3b86447f706c}</UniqueIdentifier>
    </Filter>
    <Filter Include="Header Files\GameStates\MainMenu">
      <UniqueIdentifier>{10688fd4-cfc2-40c7-889a-7c60751b3d49}</UniqueIdentifier>
    </Filter>
  </ItemGroup>
  <ItemGroup>
    <ClCompile Include="Main.cpp">
      <Filter>Source Files</Filter>
    </ClCompile>
    <ClCompile Include="GameState.cpp">
      <Filter>Source Files\GameStates</Filter>
    </ClCompile>
    <ClCompile Include="Player.cpp">
      <Filter>Source Files\GameObjects</Filter>
    </ClCompile>
    <ClCompile Include="Fish.cpp">
      <Filter>Source Files\GameObjects</Filter>
    </ClCompile>
    <ClCompile Include="GameObject.cpp">
      <Filter>Source Files\GameObjects</Filter>
    </ClCompile>
    <ClCompile Include="Input.cpp">
      <Filter>Source Files\Utility</Filter>
    </ClCompile>
    <ClCompile Include="DictionaryItem.cpp">
      <Filter>Source Files\Utility\Dictionary</Filter>
    </ClCompile>
    <ClCompile Include="Dictionary.cpp">
      <Filter>Source Files\Utility\Dictionary</Filter>
    </ClCompile>
    <ClCompile Include="EventSystem.cpp">
      <Filter>Source Files\Utility</Filter>
    </ClCompile>
    <ClCompile Include="Bomb.cpp">
      <Filter>Source Files\GameObjects</Filter>
    </ClCompile>
    <ClCompile Include="TextRenderer.cpp">
      <Filter>Source Files\Utility</Filter>
    </ClCompile>
    <ClCompile Include="ProgressBar.cpp">
      <Filter>Source Files\GameObjects\UI</Filter>
    </ClCompile>
    <ClCompile Include="Button.cpp">
      <Filter>Source Files\GameObjects\UI</Filter>
    </ClCompile>
    <ClCompile Include="FishStats.cpp">
      <Filter>Source Files\Utility</Filter>
    </ClCompile>
    <ClCompile Include="ScoreManager.cpp">
      <Filter>Source Files\Utility</Filter>
    </ClCompile>
    <ClCompile Include="AudioManager.cpp">
      <Filter>Source Files\Utility</Filter>
    </ClCompile>
    <ClCompile Include="Pickup.cpp">
      <Filter>Source Files\GameObjects\Pickups</Filter>
    </ClCompile>
    <ClCompile Include="Ring.cpp">
      <Filter>Source Files\GameObjects\Pickups</Filter>
    </ClCompile>
    <ClCompile Include="Time.cpp">
      <Filter>Source Files\Utility</Filter>
    </ClCompile>
    <ClCompile Include="ChaosControl.cpp">
      <Filter>Source Files\GameObjects\Pickups</Filter>
    </ClCompile>
    <ClCompile Include="Hitbox.cpp">
      <Filter>Source Files\GameObjects</Filter>
    </ClCompile>
    <ClCompile Include="FishCaught.cpp">
      <Filter>Source Files\GameStates\Fishing</Filter>
    </ClCompile>
    <ClCompile Include="Fishing.cpp">
      <Filter>Source Files\GameStates\Fishing</Filter>
    </ClCompile>
    <ClCompile Include="ReelingIn.cpp">
      <Filter>Source Files\GameStates\Fishing</Filter>
    </ClCompile>
    <ClCompile Include="MainMenu.cpp">
      <Filter>Source Files\GameStates\MainMenu</Filter>
    </ClCompile>
    <ClCompile Include="HighScore.cpp">
      <Filter>Source Files\GameStates\MainMenu</Filter>
    </ClCompile>
    <ClCompile Include="Intro.cpp">
      <Filter>Source Files\GameStates\MainMenu</Filter>
    </ClCompile>
    <ClCompile Include="GameOver.cpp">
      <Filter>Source Files\GameStates</Filter>
    </ClCompile>
    <ClCompile Include="BurstStream.cpp">
      <Filter>Source Files\GameObjects\Pickups</Filter>
    </ClCompile>
    <ClCompile Include="BackgroundManager.cpp">
      <Filter>Source Files</Filter>
    </ClCompile>
  </ItemGroup>
  <ItemGroup>
    <ClInclude Include="GameState.h">
      <Filter>Header Files\GameStates</Filter>
    </ClInclude>
    <ClInclude Include="GameObject.h">
      <Filter>Header Files\GameObjects</Filter>
    </ClInclude>
    <ClInclude Include="Fish.h">
      <Filter>Header Files\GameObjects</Filter>
    </ClInclude>
    <ClInclude Include="Player.h">
      <Filter>Header Files\GameObjects</Filter>
    </ClInclude>
    <ClInclude Include="Input.h">
      <Filter>Header Files\Utility</Filter>
    </ClInclude>
    <ClInclude Include="Primitives.h">
      <Filter>Header Files\Utility</Filter>
    </ClInclude>
    <ClInclude Include="Sprite.h">
      <Filter>Header Files\Utility</Filter>
    </ClInclude>
    <ClInclude Include="DictionaryItem.h">
      <Filter>Header Files\Utility\Dictionary</Filter>
    </ClInclude>
    <ClInclude Include="Dictionary.h">
      <Filter>Header Files\Utility\Dictionary</Filter>
    </ClInclude>
    <ClInclude Include="EventSystem.h">
      <Filter>Header Files\Utility</Filter>
    </ClInclude>
    <ClInclude Include="Bomb.h">
      <Filter>Header Files\GameObjects</Filter>
    </ClInclude>
    <ClInclude Include="ProgressBar.h">
      <Filter>Header Files\GameObjects\UI</Filter>
    </ClInclude>
    <ClInclude Include="TextRenderer.h">
      <Filter>Header Files\Utility</Filter>
    </ClInclude>
    <ClInclude Include="Button.h">
      <Filter>Header Files\GameObjects\UI</Filter>
    </ClInclude>
    <ClInclude Include="FishStats.h">
      <Filter>Header Files\Utility</Filter>
    </ClInclude>
    <ClInclude Include="ScoreManager.h">
      <Filter>Header Files\Utility</Filter>
    </ClInclude>
    <ClInclude Include="AudioManager.h">
      <Filter>Header Files\Utility</Filter>
    </ClInclude>
    <ClInclude Include="Pickup.h">
      <Filter>Header Files\GameObjects\Pickups</Filter>
    </ClInclude>
    <ClInclude Include="Ring.h">
      <Filter>Header Files\GameObjects\Pickups</Filter>
    </ClInclude>
    <ClInclude Include="Time.h">
      <Filter>Header Files\Utility</Filter>
    </ClInclude>
    <ClInclude Include="ChaosControl.h">
      <Filter>Header Files\GameObjects\Pickups</Filter>
    </ClInclude>
    <ClInclude Include="Hitbox.h">
      <Filter>Header Files\GameObjects</Filter>
    </ClInclude>
    <ClInclude Include="ReelingIn.h">
      <Filter>Header Files\GameStates\Fishing</Filter>
    </ClInclude>
    <ClInclude Include="Fishing.h">
      <Filter>Header Files\GameStates\Fishing</Filter>
    </ClInclude>
    <ClInclude Include="FishCaught.h">
      <Filter>Header Files\GameStates\Fishing</Filter>
    </ClInclude>
    <ClInclude Include="MainMenu.h">
      <Filter>Header Files\GameStates\MainMenu</Filter>
    </ClInclude>
    <ClInclude Include="GameOver.h">
      <Filter>Header Files\GameStates</Filter>
    </ClInclude>
    <ClInclude Include="Intro.h">
      <Filter>Header Files\GameStates\MainMenu</Filter>
    </ClInclude>
    <ClInclude Include="HighScore.h">
      <Filter>Header Files\GameStates\MainMenu</Filter>
    </ClInclude>
    <ClInclude Include="BurstStream.h">
      <Filter>Header Files\GameObjects\Pickups</Filter>
    </ClInclude>
    <ClInclude Include="BackgroundManager.h">
      <Filter>Header Files</Filter>
    </ClInclude>
  </ItemGroup>
  <ItemGroup>
    <Text Include="HighScores.txt">
      <Filter>Resource Files</Filter>
    </Text>
  </ItemGroup>
</Project>